{
  "name": "nodejs-mvc-cms",
  "version": "2.0.0",
  "lockfileVersion": 3,
  "requires": true,
  "packages": {
    "": {
      "name": "nodejs-mvc-cms",
      "version": "2.0.0",
      "dependencies": {
        "formidable": "*",
        "jqtpl": "< 2.0",
        "lightnode": "*",
        "mongolian": "*"
      },
      "engines": {
        "node": ">=0.6.2"
      }
    },
    "node_modules/asap": {
      "version": "2.0.6",
      "resolved": "https://registry.npmjs.org/asap/-/asap-2.0.6.tgz",
      "integrity": "sha512-BSHWgDSAiKs50o2Re8ppvp3seVHXSRM44cdSsT9FfNEUUZLOGWVCsiWaRPWM1Znn+mqZ1OfVZ3z3DWEzSp7hRA=="
    },
    "node_modules/buffalo": {
      "version": "0.1.3",
      "resolved": "https://registry.npmjs.org/buffalo/-/buffalo-0.1.3.tgz",
      "integrity": "sha512-LCN4KZKQ9tSTg2IMfq5Rrl8g3Vsx3D7X/iBhFjboUvwY0mgnngi/GkU9P7fQzkq0obFcTv4YHwgXyxGmfTIRzQ==",
      "dependencies": {
        "tosource": "0.1.1"
      },
      "engines": {
        "node": ">=0.4.0"
      }
    },
    "node_modules/call-bind": {
      "version": "1.0.2",
      "resolved": "https://registry.npmjs.org/call-bind/-/call-bind-1.0.2.tgz",
      "integrity": "sha512-7O+FbCihrB5WGbFYesctwmTKae6rOiIzmz1icreWJ+0aA7LJfuqhEso2T9ncpcFtzMQtzXf2QGGueWJGTYsqrA==",
      "dependencies": {
        "function-bind": "^1.1.1",
        "get-intrinsic": "^1.0.2"
      },
      "funding": {
        "url": "https://github.com/sponsors/ljharb"
      }
    },
    "node_modules/dezalgo": {
      "version": "1.0.4",
      "resolved": "https://registry.npmjs.org/dezalgo/-/dezalgo-1.0.4.tgz",
      "integrity": "sha512-rXSP0bf+5n0Qonsb+SVVfNfIsimO4HEtmnIpPHY8Q1UCzKlQrDMfdobr8nJOOsRgWCyMRqeSBQzmWUMq7zvVig==",
      "dependencies": {
        "asap": "^2.0.0",
        "wrappy": "1"
      }
    },
    "node_modules/formidable": {
      "version": "2.1.1",
      "resolved": "https://registry.npmjs.org/formidable/-/formidable-2.1.1.tgz",
      "integrity": "sha512-0EcS9wCFEzLvfiks7omJ+SiYJAiD+TzK4Pcw1UlUoGnhUxDcMKjt0P7x8wEb0u6OHu8Nb98WG3nxtlF5C7bvUQ==",
      "dependencies": {
        "dezalgo": "^1.0.4",
        "hexoid": "^1.0.0",
        "once": "^1.4.0",
        "qs": "^6.11.0"
      },
      "funding": {
        "url": "https://ko-fi.com/tunnckoCore/commissions"
      }
    },
    "node_modules/function-bind": {
      "version": "1.1.1",
      "resolved": "https://registry.npmjs.org/function-bind/-/function-bind-1.1.1.tgz",
      "integrity": "sha512-yIovAzMX49sF8Yl58fSCWJ5svSLuaibPxXQJFLmBObTuCr0Mf1KiPopGM9NiFjiYBCbfaa2Fh6breQ6ANVTI0A=="
    },
    "node_modules/get-intrinsic": {
      "version": "1.2.1",
      "resolved": "https://registry.npmjs.org/get-intrinsic/-/get-intrinsic-1.2.1.tgz",
      "integrity": "sha512-2DcsyfABl+gVHEfCOaTrWgyt+tb6MSEGmKq+kI5HwLbIYgjgmMcV8KQ41uaKz1xxUcn9tJtgFbQUEVcEbd0FYw==",
      "dependencies": {
        "function-bind": "^1.1.1",
        "has": "^1.0.3",
        "has-proto": "^1.0.1",
        "has-symbols": "^1.0.3"
      },
      "funding": {
        "url": "https://github.com/sponsors/ljharb"
      }
    },
    "node_modules/has": {
      "version": "1.0.3",
      "resolved": "https://registry.npmjs.org/has/-/has-1.0.3.tgz",
      "integrity": "sha512-f2dvO0VU6Oej7RkWJGrehjbzMAjFp5/VKPp5tTpWIV4JHHZK1/BxbFRtf/siA2SWTe09caDmVtYYzWEIbBS4zw==",
      "dependencies": {
        "function-bind": "^1.1.1"
      },
      "engines": {
        "node": ">= 0.4.0"
      }
    },
    "node_modules/has-proto": {
      "version": "1.0.1",
      "resolved": "https://registry.npmjs.org/has-proto/-/has-proto-1.0.1.tgz",
      "integrity": "sha512-7qE+iP+O+bgF9clE5+UoBFzE65mlBiVj3tKCrlNQ0Ogwm0BjpT/gK4SlLYDMybDh5I3TCTKnPPa0oMG7JDYrhg==",
      "engines": {
        "node": ">= 0.4"
      },
      "funding": {
        "url": "https://github.com/sponsors/ljharb"
      }
    },
    "node_modules/has-symbols": {
      "version": "1.0.3",
      "resolved": "https://registry.npmjs.org/has-symbols/-/has-symbols-1.0.3.tgz",
      "integrity": "sha512-l3LCuF6MgDNwTDKkdYGEihYjt5pRPbEg46rtlmnSPlUbgmB8LOIrKJbYYFBSbnPaJexMKtiPO8hmeRjRz2Td+A==",
      "engines": {
        "node": ">= 0.4"
      },
      "funding": {
        "url": "https://github.com/sponsors/ljharb"
      }
    },
    "node_modules/hexoid": {
      "version": "1.0.0",
      "resolved": "https://registry.npmjs.org/hexoid/-/hexoid-1.0.0.tgz",
      "integrity": "sha512-QFLV0taWQOZtvIRIAdBChesmogZrtuXvVWsFHZTk2SU+anspqZ2vMnoLg7IE1+Uk16N19APic1BuF8bC8c2m5g==",
      "engines": {
        "node": ">=8"
      }
    },
    "node_modules/jqtpl": {
      "version": "1.1.0",
      "resolved": "https://registry.npmjs.org/jqtpl/-/jqtpl-1.1.0.tgz",
      "integrity": "sha512-YylcHOGWQ1FsqEWNvSHWksRpKGV1mqo6tzAIXRiNgX9dLJYuv52X25G2MhzzwtlIRAqpx/oMPC32k1Buz6ycBA==",
      "engines": {
        "node": ">= 0.3.7"
      }
    },
    "node_modules/lightnode": {
      "version": "0.1.0",
      "resolved": "https://registry.npmjs.org/lightnode/-/lightnode-0.1.0.tgz",
      "integrity": "sha512-62NhpuLKn5asYcFTVAw5tuFpR4TRlF017GSA8P8aNc2AkwURXofLhu4div4c0NsGXfFpQUcXeMKtL+z90qsNbQ==",
      "deprecated": "Abandoned years ago",
      "engines": {
        "node": "*"
      }
    },
    "node_modules/mongolian": {
      "version": "0.1.18",
      "resolved": "https://registry.npmjs.org/mongolian/-/mongolian-0.1.18.tgz",
      "integrity": "sha512-gtEjtn5FfyKBslW0VjHf+hGqKU50NsGhDt4trPYfxlu3OqnWNSFkE0yJrTkwSaP1louLotFoWzKwUfOT9rOQ2w==",
      "dependencies": {
        "buffalo": "0.1.3",
        "taxman": "0.1.1",
        "waiter": "0.1.1"
      },
      "engines": {
        "node": ">=0.4.0"
      }
    },
    "node_modules/object-inspect": {
      "version": "1.12.3",
      "resolved": "https://registry.npmjs.org/object-inspect/-/object-inspect-1.12.3.tgz",
      "integrity": "sha512-geUvdk7c+eizMNUDkRpW1wJwgfOiOeHbxBR/hLXK1aT6zmVSO0jsQcs7fj6MGw89jC/cjGfLcNOrtMYtGqm81g==",
      "funding": {
        "url": "https://github.com/sponsors/ljharb"
      }
    },
    "node_modules/once": {
      "version": "1.4.0",
      "resolved": "https://registry.npmjs.org/once/-/once-1.4.0.tgz",
      "integrity": "sha512-lNaJgI+2Q5URQBkccEKHTQOPaXdUxnZZElQTZY0MFUAuaEqe1E+Nyvgdz/aIyNi6Z9MzO5dv1H8n58/GELp3+w==",
      "dependencies": {
        "wrappy": "1"
      }
    },
    "node_modules/qs": {
      "version": "6.11.2",
      "resolved": "https://registry.npmjs.org/qs/-/qs-6.11.2.tgz",
      "integrity": "sha512-tDNIz22aBzCDxLtVH++VnTfzxlfeK5CbqohpSqpJgj1Wg/cQbStNAz3NuqCs5vV+pjBsK4x4pN9HlVh7rcYRiA==",
      "dependencies": {
        "side-channel": "^1.0.4"
      },
      "engines": {
        "node": ">=0.6"
      },
      "funding": {
        "url": "https://github.com/sponsors/ljharb"
      }
    },
    "node_modules/side-channel": {
      "version": "1.0.4",
      "resolved": "https://registry.npmjs.org/side-channel/-/side-channel-1.0.4.tgz",
      "integrity": "sha512-q5XPytqFEIKHkGdiMIrY10mvLRvnQh42/+GoBlFW3b2LXLE2xxJpZFdm94we0BaoV3RwJyGqg5wS7epxTv0Zvw==",
      "dependencies": {
        "call-bind": "^1.0.0",
        "get-intrinsic": "^1.0.2",
        "object-inspect": "^1.9.0"
      },
      "funding": {
        "url": "https://github.com/sponsors/ljharb"
      }
    },
    "node_modules/taxman": {
      "version": "0.1.1",
      "resolved": "https://registry.npmjs.org/taxman/-/taxman-0.1.1.tgz",
      "integrity": "sha512-woTa2sNzlGapMORbp1PDDeyMl6/2RudPV1z7Wtdx7nzI+FzEawi84yPGzrq57nrkA/kEpWVJZ9K6sXQ9TIhNNg==",
      "engines": {
        "node": ">=0.4.0"
      }
    },
    "node_modules/tosource": {
      "version": "0.1.1",
      "resolved": "https://registry.npmjs.org/tosource/-/tosource-0.1.1.tgz",
      "integrity": "sha512-hTnpPZBZP4DggtRpIAxQi74N4z5vs+Yx3Wcj2CNWLAKPRidZbLN2y5bPn1NI5EoojGzQ1btLzaj7poqsiRsmQA==",
      "engines": {
        "node": ">=0.4.0"
      }
    },
    "node_modules/waiter": {
      "version": "0.1.1",
      "resolved": "https://registry.npmjs.org/waiter/-/waiter-0.1.1.tgz",
      "integrity": "sha512-OWMX6RloKF1S0uwF/czC08ZFTcksNFRSGeLu3mt7LhQ0daOvnJaKDtgGSULUvuFNfGe093VE9rRGbCo+ceyS+g==",
      "engines": {
        "node": ">=0.4.0"
      }
    },
    "node_modules/wrappy": {
      "version": "1.0.2",
      "resolved": "https://registry.npmjs.org/wrappy/-/wrappy-1.0.2.tgz",
      "integrity": "sha512-l4Sp/DRseor9wL6EvV2+TuQn63dMkPjZ/sp9XkghTEbV9KlPS1xUsZ3u7/IQO4wxtcFB4bgpQPRcR3QCvezPcQ=="
    }
  }
}
